
Microsoft Visual Studio Solution File, Format Version 12.00
# Visual Studio Version 17
VisualStudioVersion = 17.14.36930.0
MinimumVisualStudioVersion = 10.0.40219.1
Project("{FAE04EC0-301F-11D3-BF4B-00C04F79EFBC}") = "BlazorServerProgettoAnagrafiche", "BlazorServerProgettoAnagrafiche.csproj", "{444C6144-5BAC-4F53-BD4F-05DCD9770900}"
EndProject
Project("{FAE04EC0-301F-11D3-BF4B-00C04F79EFBC}") = "ProgettoAnagrafiche.Models", "..\ProgettoAnagrafiche.Models\ProgettoAnagrafiche.Models.csproj", "{88138B99-54BF-454A-B1B2-77B6B9C1217C}"
EndProject
Project("{FAE04EC0-301F-11D3-BF4B-00C04F79EFBC}") = "WPFClientProgettoAnagrafiche", "..\WPFClientProgettoAnagrafiche\WPFClientProgettoAnagrafiche.csproj", "{A8206CFD-3D80-4435-B448-D7FFE8CF7D4F}"
	ProjectSection(ProjectDependencies) = postProject
		{88138B99-54BF-454A-B1B2-77B6B9C1217C} = {88138B99-54BF-454A-B1B2-77B6B9C1217C}
	EndProjectSection
EndProject
Global
	GlobalSection(SolutionConfigurationPlatforms) = preSolution
		Debug|Any CPU = Debug|Any CPU
		Release|Any CPU = Release|Any CPU
	EndGlobalSection
	GlobalSection(ProjectConfigurationPlatforms) = postSolution
		{444C6144-5BAC-4F53-BD4F-05DCD9770900}.Debug|Any CPU.ActiveCfg = Debug|Any CPU
		{444C6144-5BAC-4F53-BD4F-05DCD9770900}.Debug|Any CPU.Build.0 = Debug|Any CPU
		{444C6144-5BAC-4F53-BD4F-05DCD9770900}.Release|Any CPU.ActiveCfg = Release|Any CPU
		{444C6144-5BAC-4F53-BD4F-05DCD9770900}.Release|Any CPU.Build.0 = Release|Any CPU
		{88138B99-54BF-454A-B1B2-77B6B9C1217C}.Debug|Any CPU.ActiveCfg = Debug|Any CPU
		{88138B99-54BF-454A-B1B2-77B6B9C1217C}.Debug|Any CPU.Build.0 = Debug|Any CPU
		{88138B99-54BF-454A-B1B2-77B6B9C1217C}.Release|Any CPU.ActiveCfg = Release|Any CPU
		{88138B99-54BF-454A-B1B2-77B6B9C1217C}.Release|Any CPU.Build.0 = Release|Any CPU
		{A8206CFD-3D80-4435-B448-D7FFE8CF7D4F}.Debug|Any CPU.ActiveCfg = Debug|Any CPU
		{A8206CFD-3D80-4435-B448-D7FFE8CF7D4F}.Debug|Any CPU.Build.0 = Debug|Any CPU
		{A8206CFD-3D80-4435-B448-D7FFE8CF7D4F}.Release|Any CPU.ActiveCfg = Release|Any CPU
		{A8206CFD-3D80-4435-B448-D7FFE8CF7D4F}.Release|Any CPU.Build.0 = Release|Any CPU
	EndGlobalSection
	GlobalSection(SolutionProperties) = preSolution
		HideSolutionNode = FALSE
	EndGlobalSection
	GlobalSection(ExtensibilityGlobals) = postSolution
		SolutionGuid = {D59194A8-578B-48D2-BD92-1468AB4FA453}
	EndGlobalSection
EndGlobal
